
Microsoft Visual Studio Solution File, Format Version 12.00
# Visual Studio Version 16
VisualStudioVersion = 16.0.30523.141
MinimumVisualStudioVersion = 10.0.40219.1
Project("{8BC9CEB8-8B4A-11D0-8D11-00A0C91BC942}") = "home_task_1.1", "semester_2\semester_2.vcxproj", "{AA56F69B-337A-4616-8C80-BF3DC43A9042}"
EndProject
Project("{8BC9CEB8-8B4A-11D0-8D11-00A0C91BC942}") = "home_task_1.2", "home_task_1.2\home_task_1.2.vcxproj", "{F904E16A-0C12-4F94-A47B-9BD73CC9BA0E}"
EndProject
Project("{8BC9CEB8-8B4A-11D0-8D11-00A0C91BC942}") = "home_task_1.3", "home_task_1.3\home_task_1.3.vcxproj", "{6678F07C-768F-49D8-938E-76E78F61A5F2}"
EndProject
Project("{8BC9CEB8-8B4A-11D0-8D11-00A0C91BC942}") = "home_task_2.1", "home_task_2.1\home_task_2.1.vcxproj", "{B7BBCF51-2627-4EA5-B310-DEBBCE0360C9}"
EndProject
Project("{8BC9CEB8-8B4A-11D0-8D11-00A0C91BC942}") = "home_task_2.2", "home_task_2.2\home_task_2.2.vcxproj", "{FED38E6D-3D29-4001-94E2-4C65CC5FF5D6}"
EndProject
Project("{8BC9CEB8-8B4A-11D0-8D11-00A0C91BC942}") = "home_task_3.1", "home_task_3.1\home_task_3.1.vcxproj", "{472266AB-90AD-4266-9A4F-26FE9A19C0A5}"
EndProject
Project("{8BC9CEB8-8B4A-11D0-8D11-00A0C91BC942}") = "home_task_3.2", "home_task_3.2\home_task_3.2.vcxproj", "{3EDC2084-3A54-458D-B8A7-94FEB9C3C901}"
EndProject
Project("{8BC9CEB8-8B4A-11D0-8D11-00A0C91BC942}") = "home_task_3.3", "home_task_3.3\home_task_3.3.vcxproj", "{FFC1075B-2C52-448C-821D-964DB55D14E3}"
EndProject
Project("{8BC9CEB8-8B4A-11D0-8D11-00A0C91BC942}") = "home_task_4.1", "home_task_4.1\home_task_4.1.vcxproj", "{FAEDCADF-EB1C-4DD2-A6C5-487687891A65}"
EndProject
Project("{8BC9CEB8-8B4A-11D0-8D11-00A0C91BC942}") = "home_task_5.1", "home_task_5.1\home_task_5.1.vcxproj", "{06DF288C-9330-49FE-91A8-FA1ECF109003}"
EndProject
Project("{8BC9CEB8-8B4A-11D0-8D11-00A0C91BC942}") = "home_task_5.2", "home_task_5.2\home_task_5.2.vcxproj", "{D78D1772-600E-4EDD-896E-A0A68BBDEFA1}"
EndProject
Project("{8BC9CEB8-8B4A-11D0-8D11-00A0C91BC942}") = "home_task_6.1", "home_task_6.1\home_task_6.1.vcxproj", "{7D33E13E-C24C-484D-BD7F-2A742C9BCD1A}"
EndProject
Project("{8BC9CEB8-8B4A-11D0-8D11-00A0C91BC942}") = "home_task_6.2", "home_task_6.2\home_task_6.2.vcxproj", "{A6BBAEDD-6EDF-4BCF-BA73-FCC6061AFE37}"
EndProject
Project("{8BC9CEB8-8B4A-11D0-8D11-00A0C91BC942}") = "home_task_7.1", "home_task_7.1\home_task_7.1.vcxproj", "{5F5892ED-8E6B-452F-8B5D-E808B2E8BE29}"
EndProject
Project("{8BC9CEB8-8B4A-11D0-8D11-00A0C91BC942}") = "home_task_8.1", "home_task_8.1\home_task_8.1.vcxproj", "{3C07E6E3-B81B-48E7-A75A-D0FB51C59AD7}"
EndProject
Project("{8BC9CEB8-8B4A-11D0-8D11-00A0C91BC942}") = "home_task_8.2", "home_task_8.2\home_task_8.2.vcxproj", "{10038C97-900F-45F8-AE59-A6F26FF3CC81}"
EndProject
Project("{8BC9CEB8-8B4A-11D0-8D11-00A0C91BC942}") = "home_task_9.1", "home_task_9.1\home_task_9.1.vcxproj", "{C1B616A4-C989-48A8-9778-BE6F2F7A0F91}"
EndProject
Project("{8BC9CEB8-8B4A-11D0-8D11-00A0C91BC942}") = "home_task_10.1", "home_task_10.1\home_task_10.1.vcxproj", "{B780E088-62F0-4C8A-A4C1-F94F2F5510FD}"
EndProject
Project("{8BC9CEB8-8B4A-11D0-8D11-00A0C91BC942}") = "home_task_11.1", "home_task_11.1\home_task_11.1.vcxproj", "{07F57CC2-4C4C-4D38-B9CF-4D427550AA95}"
EndProject
Project("{8BC9CEB8-8B4A-11D0-8D11-00A0C91BC942}") = "home_task_9.2", "home_task_9.2\home_task_9.2.vcxproj", "{37A03831-3C50-4B38-8D5E-7F05C3AF9103}"
EndProject
Project("{8BC9CEB8-8B4A-11D0-8D11-00A0C91BC942}") = "tirgul", "tirgul\tirgul.vcxproj", "{20F38299-69DB-437A-BF02-EEAA4C33F803}"
EndProject
Global
	GlobalSection(SolutionConfigurationPlatforms) = preSolution
		Debug|x64 = Debug|x64
		Debug|x86 = Debug|x86
		Release|x64 = Release|x64
		Release|x86 = Release|x86
	EndGlobalSection
	GlobalSection(ProjectConfigurationPlatforms) = postSolution
		{AA56F69B-337A-4616-8C80-BF3DC43A9042}.Debug|x64.ActiveCfg = Debug|x64
		{AA56F69B-337A-4616-8C80-BF3DC43A9042}.Debug|x64.Build.0 = Debug|x64
		{AA56F69B-337A-4616-8C80-BF3DC43A9042}.Debug|x86.ActiveCfg = Debug|Win32
		{AA56F69B-337A-4616-8C80-BF3DC43A9042}.Debug|x86.Build.0 = Debug|Win32
		{AA56F69B-337A-4616-8C80-BF3DC43A9042}.Release|x64.ActiveCfg = Release|x64
		{AA56F69B-337A-4616-8C80-BF3DC43A9042}.Release|x64.Build.0 = Release|x64
		{AA56F69B-337A-4616-8C80-BF3DC43A9042}.Release|x86.ActiveCfg = Release|Win32
		{AA56F69B-337A-4616-8C80-BF3DC43A9042}.Release|x86.Build.0 = Release|Win32
		{F904E16A-0C12-4F94-A47B-9BD73CC9BA0E}.Debug|x64.ActiveCfg = Debug|x64
		{F904E16A-0C12-4F94-A47B-9BD73CC9BA0E}.Debug|x64.Build.0 = Debug|x64
		{F904E16A-0C12-4F94-A47B-9BD73CC9BA0E}.Debug|x86.ActiveCfg = Debug|Win32
		{F904E16A-0C12-4F94-A47B-9BD73CC9BA0E}.Debug|x86.Build.0 = Debug|Win32
		{F904E16A-0C12-4F94-A47B-9BD73CC9BA0E}.Release|x64.ActiveCfg = Release|x64
		{F904E16A-0C12-4F94-A47B-9BD73CC9BA0E}.Release|x64.Build.0 = Release|x64
		{F904E16A-0C12-4F94-A47B-9BD73CC9BA0E}.Release|x86.ActiveCfg = Release|Win32
		{F904E16A-0C12-4F94-A47B-9BD73CC9BA0E}.Release|x86.Build.0 = Release|Win32
		{6678F07C-768F-49D8-938E-76E78F61A5F2}.Debug|x64.ActiveCfg = Debug|x64
		{6678F07C-768F-49D8-938E-76E78F61A5F2}.Debug|x64.Build.0 = Debug|x64
		{6678F07C-768F-49D8-938E-76E78F61A5F2}.Debug|x86.ActiveCfg = Debug|Win32
		{6678F07C-768F-49D8-938E-76E78F61A5F2}.Debug|x86.Build.0 = Debug|Win32
		{6678F07C-768F-49D8-938E-76E78F61A5F2}.Release|x64.ActiveCfg = Release|x64
		{6678F07C-768F-49D8-938E-76E78F61A5F2}.Release|x64.Build.0 = Release|x64
		{6678F07C-768F-49D8-938E-76E78F61A5F2}.Release|x86.ActiveCfg = Release|Win32
		{6678F07C-768F-49D8-938E-76E78F61A5F2}.Release|x86.Build.0 = Release|Win32
		{B7BBCF51-2627-4EA5-B310-DEBBCE0360C9}.Debug|x64.ActiveCfg = Debug|x64
		{B7BBCF51-2627-4EA5-B310-DEBBCE0360C9}.Debug|x64.Build.0 = Debug|x64
		{B7BBCF51-2627-4EA5-B310-DEBBCE0360C9}.Debug|x86.ActiveCfg = Debug|Win32
		{B7BBCF51-2627-4EA5-B310-DEBBCE0360C9}.Debug|x86.Build.0 = Debug|Win32
		{B7BBCF51-2627-4EA5-B310-DEBBCE0360C9}.Release|x64.ActiveCfg = Release|x64
		{B7BBCF51-2627-4EA5-B310-DEBBCE0360C9}.Release|x64.Build.0 = Release|x64
		{B7BBCF51-2627-4EA5-B310-DEBBCE0360C9}.Release|x86.ActiveCfg = Release|Win32
		{B7BBCF51-2627-4EA5-B310-DEBBCE0360C9}.Release|x86.Build.0 = Release|Win32
		{FED38E6D-3D29-4001-94E2-4C65CC5FF5D6}.Debug|x64.ActiveCfg = Debug|x64
		{FED38E6D-3D29-4001-94E2-4C65CC5FF5D6}.Debug|x64.Build.0 = Debug|x64
		{FED38E6D-3D29-4001-94E2-4C65CC5FF5D6}.Debug|x86.ActiveCfg = Debug|Win32
		{FED38E6D-3D29-4001-94E2-4C65CC5FF5D6}.Debug|x86.Build.0 = Debug|Win32
		{FED38E6D-3D29-4001-94E2-4C65CC5FF5D6}.Release|x64.ActiveCfg = Release|x64
		{FED38E6D-3D29-4001-94E2-4C65CC5FF5D6}.Release|x64.Build.0 = Release|x64
		{FED38E6D-3D29-4001-94E2-4C65CC5FF5D6}.Release|x86.ActiveCfg = Release|Win32
		{FED38E6D-3D29-4001-94E2-4C65CC5FF5D6}.Release|x86.Build.0 = Release|Win32
		{472266AB-90AD-4266-9A4F-26FE9A19C0A5}.Debug|x64.ActiveCfg = Debug|x64
		{472266AB-90AD-4266-9A4F-26FE9A19C0A5}.Debug|x64.Build.0 = Debug|x64
		{472266AB-90AD-4266-9A4F-26FE9A19C0A5}.Debug|x86.ActiveCfg = Debug|Win32
		{472266AB-90AD-4266-9A4F-26FE9A19C0A5}.Debug|x86.Build.0 = Debug|Win32
		{472266AB-90AD-4266-9A4F-26FE9A19C0A5}.Release|x64.ActiveCfg = Release|x64
		{472266AB-90AD-4266-9A4F-26FE9A19C0A5}.Release|x64.Build.0 = Release|x64
		{472266AB-90AD-4266-9A4F-26FE9A19C0A5}.Release|x86.ActiveCfg = Release|Win32
		{472266AB-90AD-4266-9A4F-26FE9A19C0A5}.Release|x86.Build.0 = Release|Win32
		{3EDC2084-3A54-458D-B8A7-94FEB9C3C901}.Debug|x64.ActiveCfg = Debug|x64
		{3EDC2084-3A54-458D-B8A7-94FEB9C3C901}.Debug|x64.Build.0 = Debug|x64
		{3EDC2084-3A54-458D-B8A7-94FEB9C3C901}.Debug|x86.ActiveCfg = Debug|Win32
		{3EDC2084-3A54-458D-B8A7-94FEB9C3C901}.Debug|x86.Build.0 = Debug|Win32
		{3EDC2084-3A54-458D-B8A7-94FEB9C3C901}.Release|x64.ActiveCfg = Release|x64
		{3EDC2084-3A54-458D-B8A7-94FEB9C3C901}.Release|x64.Build.0 = Release|x64
		{3EDC2084-3A54-458D-B8A7-94FEB9C3C901}.Release|x86.ActiveCfg = Release|Win32
		{3EDC2084-3A54-458D-B8A7-94FEB9C3C901}.Release|x86.Build.0 = Release|Win32
		{FFC1075B-2C52-448C-821D-964DB55D14E3}.Debug|x64.ActiveCfg = Debug|x64
		{FFC1075B-2C52-448C-821D-964DB55D14E3}.Debug|x64.Build.0 = Debug|x64
		{FFC1075B-2C52-448C-821D-964DB55D14E3}.Debug|x86.ActiveCfg = Debug|Win32
		{FFC1075B-2C52-448C-821D-964DB55D14E3}.Debug|x86.Build.0 = Debug|Win32
		{FFC1075B-2C52-448C-821D-964DB55D14E3}.Release|x64.ActiveCfg = Release|x64
		{FFC1075B-2C52-448C-821D-964DB55D14E3}.Release|x64.Build.0 = Release|x64
		{FFC1075B-2C52-448C-821D-964DB55D14E3}.Release|x86.ActiveCfg = Release|Win32
		{FFC1075B-2C52-448C-821D-964DB55D14E3}.Release|x86.Build.0 = Release|Win32
		{FAEDCADF-EB1C-4DD2-A6C5-487687891A65}.Debug|x64.ActiveCfg = Debug|x64
		{FAEDCADF-EB1C-4DD2-A6C5-487687891A65}.Debug|x64.Build.0 = Debug|x64
		{FAEDCADF-EB1C-4DD2-A6C5-487687891A65}.Debug|x86.ActiveCfg = Debug|Win32
		{FAEDCADF-EB1C-4DD2-A6C5-487687891A65}.Debug|x86.Build.0 = Debug|Win32
		{FAEDCADF-EB1C-4DD2-A6C5-487687891A65}.Release|x64.ActiveCfg = Release|x64
		{FAEDCADF-EB1C-4DD2-A6C5-487687891A65}.Release|x64.Build.0 = Release|x64
		{FAEDCADF-EB1C-4DD2-A6C5-487687891A65}.Release|x86.ActiveCfg = Release|Win32
		{FAEDCADF-EB1C-4DD2-A6C5-487687891A65}.Release|x86.Build.0 = Release|Win32
		{06DF288C-9330-49FE-91A8-FA1ECF109003}.Debug|x64.ActiveCfg = Debug|x64
		{06DF288C-9330-49FE-91A8-FA1ECF109003}.Debug|x64.Build.0 = Debug|x64
		{06DF288C-9330-49FE-91A8-FA1ECF109003}.Debug|x86.ActiveCfg = Debug|Win32
		{06DF288C-9330-49FE-91A8-FA1ECF109003}.Debug|x86.Build.0 = Debug|Win32
		{06DF288C-9330-49FE-91A8-FA1ECF109003}.Release|x64.ActiveCfg = Release|x64
		{06DF288C-9330-49FE-91A8-FA1ECF109003}.Release|x64.Build.0 = Release|x64
		{06DF288C-9330-49FE-91A8-FA1ECF109003}.Release|x86.ActiveCfg = Release|Win32
		{06DF288C-9330-49FE-91A8-FA1ECF109003}.Release|x86.Build.0 = Release|Win32
		{D78D1772-600E-4EDD-896E-A0A68BBDEFA1}.Debug|x64.ActiveCfg = Debug|x64
		{D78D1772-600E-4EDD-896E-A0A68BBDEFA1}.Debug|x64.Build.0 = Debug|x64
		{D78D1772-600E-4EDD-896E-A0A68BBDEFA1}.Debug|x86.ActiveCfg = Debug|Win32
		{D78D1772-600E-4EDD-896E-A0A68BBDEFA1}.Debug|x86.Build.0 = Debug|Win32
		{D78D1772-600E-4EDD-896E-A0A68BBDEFA1}.Release|x64.ActiveCfg = Release|x64
		{D78D1772-600E-4EDD-896E-A0A68BBDEFA1}.Release|x64.Build.0 = Release|x64
		{D78D1772-600E-4EDD-896E-A0A68BBDEFA1}.Release|x86.ActiveCfg = Release|Win32
		{D78D1772-600E-4EDD-896E-A0A68BBDEFA1}.Release|x86.Build.0 = Release|Win32
		{7D33E13E-C24C-484D-BD7F-2A742C9BCD1A}.Debug|x64.ActiveCfg = Debug|x64
		{7D33E13E-C24C-484D-BD7F-2A742C9BCD1A}.Debug|x64.Build.0 = Debug|x64
		{7D33E13E-C24C-484D-BD7F-2A742C9BCD1A}.Debug|x86.ActiveCfg = Debug|Win32
		{7D33E13E-C24C-484D-BD7F-2A742C9BCD1A}.Debug|x86.Build.0 = Debug|Win32
		{7D33E13E-C24C-484D-BD7F-2A742C9BCD1A}.Release|x64.ActiveCfg = Release|x64
		{7D33E13E-C24C-484D-BD7F-2A742C9BCD1A}.Release|x64.Build.0 = Release|x64
		{7D33E13E-C24C-484D-BD7F-2A742C9BCD1A}.Release|x86.ActiveCfg = Release|Win32
		{7D33E13E-C24C-484D-BD7F-2A742C9BCD1A}.Release|x86.Build.0 = Release|Win32
		{A6BBAEDD-6EDF-4BCF-BA73-FCC6061AFE37}.Debug|x64.ActiveCfg = Debug|x64
		{A6BBAEDD-6EDF-4BCF-BA73-FCC6061AFE37}.Debug|x64.Build.0 = Debug|x64
		{A6BBAEDD-6EDF-4BCF-BA73-FCC6061AFE37}.Debug|x86.ActiveCfg = Debug|Win32
		{A6BBAEDD-6EDF-4BCF-BA73-FCC6061AFE37}.Debug|x86.Build.0 = Debug|Win32
		{A6BBAEDD-6EDF-4BCF-BA73-FCC6061AFE37}.Release|x64.ActiveCfg = Release|x64
		{A6BBAEDD-6EDF-4BCF-BA73-FCC6061AFE37}.Release|x64.Build.0 = Release|x64
		{A6BBAEDD-6EDF-4BCF-BA73-FCC6061AFE37}.Release|x86.ActiveCfg = Release|Win32
		{A6BBAEDD-6EDF-4BCF-BA73-FCC6061AFE37}.Release|x86.Build.0 = Release|Win32
		{5F5892ED-8E6B-452F-8B5D-E808B2E8BE29}.Debug|x64.ActiveCfg = Debug|x64
		{5F5892ED-8E6B-452F-8B5D-E808B2E8BE29}.Debug|x64.Build.0 = Debug|x64
		{5F5892ED-8E6B-452F-8B5D-E808B2E8BE29}.Debug|x86.ActiveCfg = Debug|Win32
		{5F5892ED-8E6B-452F-8B5D-E808B2E8BE29}.Debug|x86.Build.0 = Debug|Win32
		{5F5892ED-8E6B-452F-8B5D-E808B2E8BE29}.Release|x64.ActiveCfg = Release|x64
		{5F5892ED-8E6B-452F-8B5D-E808B2E8BE29}.Release|x64.Build.0 = Release|x64
		{5F5892ED-8E6B-452F-8B5D-E808B2E8BE29}.Release|x86.ActiveCfg = Release|Win32
		{5F5892ED-8E6B-452F-8B5D-E808B2E8BE29}.Release|x86.Build.0 = Release|Win32
		{3C07E6E3-B81B-48E7-A75A-D0FB51C59AD7}.Debug|x64.ActiveCfg = Debug|x64
		{3C07E6E3-B81B-48E7-A75A-D0FB51C59AD7}.Debug|x64.Build.0 = Debug|x64
		{3C07E6E3-B81B-48E7-A75A-D0FB51C59AD7}.Debug|x86.ActiveCfg = Debug|Win32
		{3C07E6E3-B81B-48E7-A75A-D0FB51C59AD7}.Debug|x86.Build.0 = Debug|Win32
		{3C07E6E3-B81B-48E7-A75A-D0FB51C59AD7}.Release|x64.ActiveCfg = Release|x64
		{3C07E6E3-B81B-48E7-A75A-D0FB51C59AD7}.Release|x64.Build.0 = Release|x64
		{3C07E6E3-B81B-48E7-A75A-D0FB51C59AD7}.Release|x86.ActiveCfg = Release|Win32
		{3C07E6E3-B81B-48E7-A75A-D0FB51C59AD7}.Release|x86.Build.0 = Release|Win32
		{10038C97-900F-45F8-AE59-A6F26FF3CC81}.Debug|x64.ActiveCfg = Debug|x64
		{10038C97-900F-45F8-AE59-A6F26FF3CC81}.Debug|x64.Build.0 = Debug|x64
		{10038C97-900F-45F8-AE59-A6F26FF3CC81}.Debug|x86.ActiveCfg = Debug|Win32
		{10038C97-900F-45F8-AE59-A6F26FF3CC81}.Debug|x86.Build.0 = Debug|Win32
		{10038C97-900F-45F8-AE59-A6F26FF3CC81}.Release|x64.ActiveCfg = Release|x64
		{10038C97-900F-45F8-AE59-A6F26FF3CC81}.Release|x64.Build.0 = Release|x64
		{10038C97-900F-45F8-AE59-A6F26FF3CC81}.Release|x86.ActiveCfg = Release|Win32
		{10038C97-900F-45F8-AE59-A6F26FF3CC81}.Release|x86.Build.0 = Release|Win32
		{C1B616A4-C989-48A8-9778-BE6F2F7A0F91}.Debug|x64.ActiveCfg = Debug|x64
		{C1B616A4-C989-48A8-9778-BE6F2F7A0F91}.Debug|x64.Build.0 = Debug|x64
		{C1B616A4-C989-48A8-9778-BE6F2F7A0F91}.Debug|x86.ActiveCfg = Debug|Win32
		{C1B616A4-C989-48A8-9778-BE6F2F7A0F91}.Debug|x86.Build.0 = Debug|Win32
		{C1B616A4-C989-48A8-9778-BE6F2F7A0F91}.Release|x64.ActiveCfg = Release|x64
		{C1B616A4-C989-48A8-9778-BE6F2F7A0F91}.Release|x64.Build.0 = Release|x64
		{C1B616A4-C989-48A8-9778-BE6F2F7A0F91}.Release|x86.ActiveCfg = Release|Win32
		{C1B616A4-C989-48A8-9778-BE6F2F7A0F91}.Release|x86.Build.0 = Release|Win32
		{B780E088-62F0-4C8A-A4C1-F94F2F5510FD}.Debug|x64.ActiveCfg = Debug|x64
		{B780E088-62F0-4C8A-A4C1-F94F2F5510FD}.Debug|x64.Build.0 = Debug|x64
		{B780E088-62F0-4C8A-A4C1-F94F2F5510FD}.Debug|x86.ActiveCfg = Debug|Win32
		{B780E088-62F0-4C8A-A4C1-F94F2F5510FD}.Debug|x86.Build.0 = Debug|Win32
		{B780E088-62F0-4C8A-A4C1-F94F2F5510FD}.Release|x64.ActiveCfg = Release|x64
		{B780E088-62F0-4C8A-A4C1-F94F2F5510FD}.Release|x64.Build.0 = Release|x64
		{B780E088-62F0-4C8A-A4C1-F94F2F5510FD}.Release|x86.ActiveCfg = Release|Win32
		{B780E088-62F0-4C8A-A4C1-F94F2F5510FD}.Release|x86.Build.0 = Release|Win32
		{07F57CC2-4C4C-4D38-B9CF-4D427550AA95}.Debug|x64.ActiveCfg = Debug|x64
		{07F57CC2-4C4C-4D38-B9CF-4D427550AA95}.Debug|x64.Build.0 = Debug|x64
		{07F57CC2-4C4C-4D38-B9CF-4D427550AA95}.Debug|x86.ActiveCfg = Debug|Win32
		{07F57CC2-4C4C-4D38-B9CF-4D427550AA95}.Debug|x86.Build.0 = Debug|Win32
		{07F57CC2-4C4C-4D38-B9CF-4D427550AA95}.Release|x64.ActiveCfg = Release|x64
		{07F57CC2-4C4C-4D38-B9CF-4D427550AA95}.Release|x64.Build.0 = Release|x64
		{07F57CC2-4C4C-4D38-B9CF-4D427550AA95}.Release|x86.ActiveCfg = Release|Win32
		{07F57CC2-4C4C-4D38-B9CF-4D427550AA95}.Release|x86.Build.0 = Release|Win32
		{37A03831-3C50-4B38-8D5E-7F05C3AF9103}.Debug|x64.ActiveCfg = Debug|x64
		{37A03831-3C50-4B38-8D5E-7F05C3AF9103}.Debug|x64.Build.0 = Debug|x64
		{37A03831-3C50-4B38-8D5E-7F05C3AF9103}.Debug|x86.ActiveCfg = Debug|Win32
		{37A03831-3C50-4B38-8D5E-7F05C3AF9103}.Debug|x86.Build.0 = Debug|Win32
		{37A03831-3C50-4B38-8D5E-7F05C3AF9103}.Release|x64.ActiveCfg = Release|x64
		{37A03831-3C50-4B38-8D5E-7F05C3AF9103}.Release|x64.Build.0 = Release|x64
		{37A03831-3C50-4B38-8D5E-7F05C3AF9103}.Release|x86.ActiveCfg = Release|Win32
		{37A03831-3C50-4B38-8D5E-7F05C3AF9103}.Release|x86.Build.0 = Release|Win32
		{20F38299-69DB-437A-BF02-EEAA4C33F803}.Debug|x64.ActiveCfg = Debug|x64
		{20F38299-69DB-437A-BF02-EEAA4C33F803}.Debug|x64.Build.0 = Debug|x64
		{20F38299-69DB-437A-BF02-EEAA4C33F803}.Debug|x86.ActiveCfg = Debug|Win32
		{20F38299-69DB-437A-BF02-EEAA4C33F803}.Debug|x86.Build.0 = Debug|Win32
		{20F38299-69DB-437A-BF02-EEAA4C33F803}.Release|x64.ActiveCfg = Release|x64
		{20F38299-69DB-437A-BF02-EEAA4C33F803}.Release|x64.Build.0 = Release|x64
		{20F38299-69DB-437A-BF02-EEAA4C33F803}.Release|x86.ActiveCfg = Release|Win32
		{20F38299-69DB-437A-BF02-EEAA4C33F803}.Release|x86.Build.0 = Release|Win32
	EndGlobalSection
	GlobalSection(SolutionProperties) = preSolution
		HideSolutionNode = FALSE
	EndGlobalSection
	GlobalSection(ExtensibilityGlobals) = postSolution
		SolutionGuid = {7B4D23FA-2DB0-4FF6-AA6A-C72AA6EF8666}
	EndGlobalSection
EndGlobal
